
Microsoft Visual Studio Solution File, Format Version 12.00
# Visual Studio Version 17
VisualStudioVersion = 17.1.32210.238
MinimumVisualStudioVersion = 10.0.40219.1
Project("{9A19103F-16F7-4668-BE54-9A1E7A4F7556}") = "SeleniumIntruductionABV", "SeleniumIntruductionABV\SeleniumIntruductionABV.csproj", "{99B607E5-6A7A-4A34-9E66-28E63A9D0E6F}"
EndProject
Project("{FAE04EC0-301F-11D3-BF4B-00C04F79EFBC}") = "ABVTests", "ABVTests\ABVTests.csproj", "{13EEE926-97D8-4F47-9EBB-831F08870B7D}"
EndProject
Global
	GlobalSection(SolutionConfigurationPlatforms) = preSolution
		Debug|Any CPU = Debug|Any CPU
		Release|Any CPU = Release|Any CPU
	EndGlobalSection
	GlobalSection(ProjectConfigurationPlatforms) = postSolution
		{99B607E5-6A7A-4A34-9E66-28E63A9D0E6F}.Debug|Any CPU.ActiveCfg = Debug|Any CPU
		{99B607E5-6A7A-4A34-9E66-28E63A9D0E6F}.Debug|Any CPU.Build.0 = Debug|Any CPU
		{99B607E5-6A7A-4A34-9E66-28E63A9D0E6F}.Release|Any CPU.ActiveCfg = Release|Any CPU
		{99B607E5-6A7A-4A34-9E66-28E63A9D0E6F}.Release|Any CPU.Build.0 = Release|Any CPU
		{13EEE926-97D8-4F47-9EBB-831F08870B7D}.Debug|Any CPU.ActiveCfg = Debug|Any CPU
		{13EEE926-97D8-4F47-9EBB-831F08870B7D}.Debug|Any CPU.Build.0 = Debug|Any CPU
		{13EEE926-97D8-4F47-9EBB-831F08870B7D}.Release|Any CPU.ActiveCfg = Release|Any CPU
		{13EEE926-97D8-4F47-9EBB-831F08870B7D}.Release|Any CPU.Build.0 = Release|Any CPU
	EndGlobalSection
	GlobalSection(SolutionProperties) = preSolution
		HideSolutionNode = FALSE
	EndGlobalSection
	GlobalSection(ExtensibilityGlobals) = postSolution
		SolutionGuid = {40F39D34-FF25-4C8D-B296-2483CC5F1407}
	EndGlobalSection
EndGlobal
